
Microsoft Visual Studio Solution File, Format Version 12.00
# Visual Studio 15
VisualStudioVersion = 15.0.28010.2019
MinimumVisualStudioVersion = 10.0.40219.1
Project("{FAE04EC0-301F-11D3-BF4B-00C04F79EFBC}") = "Exercise-1", "Exercise-1\Exercise-1.csproj", "{1084016A-ED4A-410C-88FE-0B1C71BCD1FE}"
EndProject
Global
	GlobalSection(SolutionConfigurationPlatforms) = preSolution
		Debug|Any CPU = Debug|Any CPU
		Release|Any CPU = Release|Any CPU
	EndGlobalSection
	GlobalSection(ProjectConfigurationPlatforms) = postSolution
		{1084016A-ED4A-410C-88FE-0B1C71BCD1FE}.Debug|Any CPU.ActiveCfg = Debug|Any CPU
		{1084016A-ED4A-410C-88FE-0B1C71BCD1FE}.Debug|Any CPU.Build.0 = Debug|Any CPU
		{1084016A-ED4A-410C-88FE-0B1C71BCD1FE}.Release|Any CPU.ActiveCfg = Release|Any CPU
		{1084016A-ED4A-410C-88FE-0B1C71BCD1FE}.Release|Any CPU.Build.0 = Release|Any CPU
	EndGlobalSection
	GlobalSection(SolutionProperties) = preSolution
		HideSolutionNode = FALSE
	EndGlobalSection
	GlobalSection(ExtensibilityGlobals) = postSolution
		SolutionGuid = {210E8705-A6F3-49D1-8CF7-4799E83BB5F4}
	EndGlobalSection
EndGlobal
